{
    "_meta": {
        "hash": {
            "sha256": "d617dc2b5c9f45664bbe2ebdc87c70da23256cbaa60725dd35dee3bfa84004f2"
        },
        "pipfile-spec": 6,
        "requires": {
            "python_version": "3.8"
        },
        "sources": [
            {
                "name": "pypi",
                "url": "https://pypi.org/simple",
                "verify_ssl": true
            }
        ]
    },
    "default": {
        "pytube": {
            "hashes": [
                "sha256:2d34a484f81cae106ea84e8c00871f97dcc293e8ed8c074e65abc4119f02c98f",
                "sha256:a844800002744f33107f4440543f9a5f1fd9fcd97dad35cf2dd4803212352d9a"
            ],
            "index": "pypi",
            "version": "==12.1.2"
        }
    },
    "develop": {}
}
